
Microsoft Visual Studio Solution File, Format Version 12.00
# Visual Studio Version 16
VisualStudioVersion = 16.0.31624.102
MinimumVisualStudioVersion = 10.0.40219.1
Project("{2150E333-8FDC-42A3-9474-1A3956D46DE8}") = "03 - Services", "03 - Services", "{0A4D5FDB-3146-4FE9-9D08-7A01928F7CBA}"
EndProject
Project("{2150E333-8FDC-42A3-9474-1A3956D46DE8}") = "04 - Mvc", "04 - Mvc", "{B54A581D-A4E2-4C46-8B8E-A9FC5BA3E445}"
EndProject
Project("{2150E333-8FDC-42A3-9474-1A3956D46DE8}") = "01- BuildingBlocks", "01- BuildingBlocks", "{83DC62A1-40D0-48F8-8FD3-9E70AFA95FBC}"
EndProject
Project("{2150E333-8FDC-42A3-9474-1A3956D46DE8}") = "02 - BFF", "02 - BFF", "{339D0110-2E4D-4B11-B588-29FDEEAA207C}"
EndProject
Project("{2150E333-8FDC-42A3-9474-1A3956D46DE8}") = "Employee", "Employee", "{8889CB33-6805-45B2-9F29-1E69FA84B5EB}"
EndProject
Project("{2150E333-8FDC-42A3-9474-1A3956D46DE8}") = "Tests", "Tests", "{78B4E412-7D0C-4A5E-AF07-F150CD6E7B94}"
EndProject
Project("{2150E333-8FDC-42A3-9474-1A3956D46DE8}") = "Business", "Business", "{2565D3FA-0C64-4ABD-9D5F-9FE4D6D0AE23}"
EndProject
Project("{2150E333-8FDC-42A3-9474-1A3956D46DE8}") = "Tests", "Tests", "{C1BA76B6-8E52-4328-B510-C5BDA0F1A85F}"
EndProject
Project("{2150E333-8FDC-42A3-9474-1A3956D46DE8}") = "Authentication", "Authentication", "{6243B2EA-A9D4-45BB-AA7C-678A699F8DBB}"
EndProject
Project("{2150E333-8FDC-42A3-9474-1A3956D46DE8}") = "Tests", "Tests", "{333A4219-C21B-435D-B430-126DB97001B2}"
EndProject
Project("{9A19103F-16F7-4668-BE54-9A1E7A4F7556}") = "KlingerSystem.Employee.Domain.Tests", "tests\KlingerSystem.Employee.Domain.Tests\KlingerSystem.Employee.Domain.Tests.csproj", "{213A8024-6F60-48B2-A03C-9A3130C86D58}"
EndProject
Project("{9A19103F-16F7-4668-BE54-9A1E7A4F7556}") = "KlingerSystem.Employee.Domain", "src\Services\KlingerSystem.Employee.Domain\KlingerSystem.Employee.Domain.csproj", "{6D7C5EDE-F06A-4A16-97FC-CD7447233209}"
EndProject
Project("{2150E333-8FDC-42A3-9474-1A3956D46DE8}") = "Core", "Core", "{CBDCBDA6-4824-40B9-B68E-FFCC61F61020}"
EndProject
Project("{9A19103F-16F7-4668-BE54-9A1E7A4F7556}") = "KlingerSystem.Core", "src\BuildingBlocks\KlingerSystem.Core\KlingerSystem.Core.csproj", "{102E9E58-0DCE-48DB-A240-5B5A75D7FD49}"
EndProject
Project("{2150E333-8FDC-42A3-9474-1A3956D46DE8}") = "Tests", "Tests", "{559B84D9-986C-4B37-B81C-5B71AE386106}"
EndProject
Project("{9A19103F-16F7-4668-BE54-9A1E7A4F7556}") = "KlingerSystem.Core.Tests", "tests\KlingerSystem.Core.Tests\KlingerSystem.Core.Tests.csproj", "{3EA0C3EE-5BCD-4A13-B6ED-22817AB80C0C}"
EndProject
Project("{9A19103F-16F7-4668-BE54-9A1E7A4F7556}") = "KlingerSystem.Employee.Infrastructure", "src\Services\KlingerSystem.Employee.Infrastructure\KlingerSystem.Employee.Infrastructure.csproj", "{12B71206-9C38-4938-872C-DA68B2DCDFAC}"
EndProject
Project("{9A19103F-16F7-4668-BE54-9A1E7A4F7556}") = "KlingerSystem.Employee.Api", "src\Services\KlingerSystem.Employee.Api\KlingerSystem.Employee.Api.csproj", "{B7494E7B-BAA4-4094-A154-D4E8D3BB53C1}"
EndProject
Project("{9A19103F-16F7-4668-BE54-9A1E7A4F7556}") = "KlingerSystem.Employee.Api.Tests", "tests\KlingerSystem.Employee.Api.Tests\KlingerSystem.Employee.Api.Tests.csproj", "{8FADE225-77EB-4BAA-86B1-80DCBF8243BE}"
EndProject
Project("{2150E333-8FDC-42A3-9474-1A3956D46DE8}") = "MessageBus", "MessageBus", "{BD5B8746-689B-4545-AF30-D6955735E84D}"
EndProject
Project("{9A19103F-16F7-4668-BE54-9A1E7A4F7556}") = "KlingerSystem.Bus", "src\BuildingBlocks\KlingerSystem.Bus\KlingerSystem.Bus.csproj", "{19C6927A-EAB6-422B-8AC2-06CAB0CBF44B}"
EndProject
Project("{2150E333-8FDC-42A3-9474-1A3956D46DE8}") = "Api", "Api", "{E5A30043-0A94-4405-9E25-8CD9324B4657}"
EndProject
Project("{FAE04EC0-301F-11D3-BF4B-00C04F79EFBC}") = "KlingerSystem.Api", "src\BuildingBlocks\KlingerSystem.Api\KlingerSystem.Api.csproj", "{21A729A0-504C-4CF8-B468-45C9C7C20C57}"
EndProject
Project("{FAE04EC0-301F-11D3-BF4B-00C04F79EFBC}") = "KlingerSystem.Business.Domain", "src\Services\KlingerSystem.Business.Domain\KlingerSystem.Business.Domain.csproj", "{A370837A-1DE4-47F6-B8D8-13E56C5E0E22}"
EndProject
Project("{FAE04EC0-301F-11D3-BF4B-00C04F79EFBC}") = "KlingerSystem.Business.Infrastructure", "src\Services\KlingerSystem.Business.Infrastructure\KlingerSystem.Business.Infrastructure.csproj", "{839EBC4B-E4D4-490F-92C0-72521A0EEB7F}"
EndProject
Project("{FAE04EC0-301F-11D3-BF4B-00C04F79EFBC}") = "KlingerSystem.Business.Api", "src\Services\KlingerSystem.Business.Api\KlingerSystem.Business.Api.csproj", "{04F1FF31-1738-4691-AFFA-6E8AB6FB1440}"
EndProject
Project("{FAE04EC0-301F-11D3-BF4B-00C04F79EFBC}") = "KlingerSystem.Business.Domain.Tests", "tests\KlingerSystem.Business.Domain.Tests\KlingerSystem.Business.Domain.Tests.csproj", "{3963A782-C0C8-4E74-9F59-28E840C39B86}"
EndProject
Project("{FAE04EC0-301F-11D3-BF4B-00C04F79EFBC}") = "KlingerSystem.Business.Api.Tests", "tests\KlingerSystem.Business.Api.Tests\KlingerSystem.Business.Api.Tests.csproj", "{25AD25A0-CC56-4026-A2FA-FA3FDCFDCDF7}"
EndProject
Project("{FAE04EC0-301F-11D3-BF4B-00C04F79EFBC}") = "KlingerSystem.Authentication.Api", "src\Services\KlingerSystem.Authentication.Api\KlingerSystem.Authentication.Api.csproj", "{8837F65C-EB7C-40E0-AB01-E8D607A90FCF}"
EndProject
Project("{FAE04EC0-301F-11D3-BF4B-00C04F79EFBC}") = "KlingerSystem.Authentication.Api.Tests", "tests\KlingerSystem.Authentication.Api.Tests\KlingerSystem.Authentication.Api.Tests.csproj", "{E4C1FA78-2BEE-4D63-91F9-09BA33F68D4A}"
EndProject
Global
	GlobalSection(SolutionConfigurationPlatforms) = preSolution
		Debug|Any CPU = Debug|Any CPU
		Release|Any CPU = Release|Any CPU
	EndGlobalSection
	GlobalSection(ProjectConfigurationPlatforms) = postSolution
		{213A8024-6F60-48B2-A03C-9A3130C86D58}.Debug|Any CPU.ActiveCfg = Debug|Any CPU
		{213A8024-6F60-48B2-A03C-9A3130C86D58}.Debug|Any CPU.Build.0 = Debug|Any CPU
		{213A8024-6F60-48B2-A03C-9A3130C86D58}.Release|Any CPU.ActiveCfg = Release|Any CPU
		{213A8024-6F60-48B2-A03C-9A3130C86D58}.Release|Any CPU.Build.0 = Release|Any CPU
		{6D7C5EDE-F06A-4A16-97FC-CD7447233209}.Debug|Any CPU.ActiveCfg = Debug|Any CPU
		{6D7C5EDE-F06A-4A16-97FC-CD7447233209}.Debug|Any CPU.Build.0 = Debug|Any CPU
		{6D7C5EDE-F06A-4A16-97FC-CD7447233209}.Release|Any CPU.ActiveCfg = Release|Any CPU
		{6D7C5EDE-F06A-4A16-97FC-CD7447233209}.Release|Any CPU.Build.0 = Release|Any CPU
		{102E9E58-0DCE-48DB-A240-5B5A75D7FD49}.Debug|Any CPU.ActiveCfg = Debug|Any CPU
		{102E9E58-0DCE-48DB-A240-5B5A75D7FD49}.Debug|Any CPU.Build.0 = Debug|Any CPU
		{102E9E58-0DCE-48DB-A240-5B5A75D7FD49}.Release|Any CPU.ActiveCfg = Release|Any CPU
		{102E9E58-0DCE-48DB-A240-5B5A75D7FD49}.Release|Any CPU.Build.0 = Release|Any CPU
		{3EA0C3EE-5BCD-4A13-B6ED-22817AB80C0C}.Debug|Any CPU.ActiveCfg = Debug|Any CPU
		{3EA0C3EE-5BCD-4A13-B6ED-22817AB80C0C}.Debug|Any CPU.Build.0 = Debug|Any CPU
		{3EA0C3EE-5BCD-4A13-B6ED-22817AB80C0C}.Release|Any CPU.ActiveCfg = Release|Any CPU
		{3EA0C3EE-5BCD-4A13-B6ED-22817AB80C0C}.Release|Any CPU.Build.0 = Release|Any CPU
		{12B71206-9C38-4938-872C-DA68B2DCDFAC}.Debug|Any CPU.ActiveCfg = Debug|Any CPU
		{12B71206-9C38-4938-872C-DA68B2DCDFAC}.Debug|Any CPU.Build.0 = Debug|Any CPU
		{12B71206-9C38-4938-872C-DA68B2DCDFAC}.Release|Any CPU.ActiveCfg = Release|Any CPU
		{12B71206-9C38-4938-872C-DA68B2DCDFAC}.Release|Any CPU.Build.0 = Release|Any CPU
		{B7494E7B-BAA4-4094-A154-D4E8D3BB53C1}.Debug|Any CPU.ActiveCfg = Debug|Any CPU
		{B7494E7B-BAA4-4094-A154-D4E8D3BB53C1}.Debug|Any CPU.Build.0 = Debug|Any CPU
		{B7494E7B-BAA4-4094-A154-D4E8D3BB53C1}.Release|Any CPU.ActiveCfg = Release|Any CPU
		{B7494E7B-BAA4-4094-A154-D4E8D3BB53C1}.Release|Any CPU.Build.0 = Release|Any CPU
		{8FADE225-77EB-4BAA-86B1-80DCBF8243BE}.Debug|Any CPU.ActiveCfg = Debug|Any CPU
		{8FADE225-77EB-4BAA-86B1-80DCBF8243BE}.Debug|Any CPU.Build.0 = Debug|Any CPU
		{8FADE225-77EB-4BAA-86B1-80DCBF8243BE}.Release|Any CPU.ActiveCfg = Release|Any CPU
		{8FADE225-77EB-4BAA-86B1-80DCBF8243BE}.Release|Any CPU.Build.0 = Release|Any CPU
		{19C6927A-EAB6-422B-8AC2-06CAB0CBF44B}.Debug|Any CPU.ActiveCfg = Debug|Any CPU
		{19C6927A-EAB6-422B-8AC2-06CAB0CBF44B}.Debug|Any CPU.Build.0 = Debug|Any CPU
		{19C6927A-EAB6-422B-8AC2-06CAB0CBF44B}.Release|Any CPU.ActiveCfg = Release|Any CPU
		{19C6927A-EAB6-422B-8AC2-06CAB0CBF44B}.Release|Any CPU.Build.0 = Release|Any CPU
		{21A729A0-504C-4CF8-B468-45C9C7C20C57}.Debug|Any CPU.ActiveCfg = Debug|Any CPU
		{21A729A0-504C-4CF8-B468-45C9C7C20C57}.Debug|Any CPU.Build.0 = Debug|Any CPU
		{21A729A0-504C-4CF8-B468-45C9C7C20C57}.Release|Any CPU.ActiveCfg = Release|Any CPU
		{21A729A0-504C-4CF8-B468-45C9C7C20C57}.Release|Any CPU.Build.0 = Release|Any CPU
		{A370837A-1DE4-47F6-B8D8-13E56C5E0E22}.Debug|Any CPU.ActiveCfg = Debug|Any CPU
		{A370837A-1DE4-47F6-B8D8-13E56C5E0E22}.Debug|Any CPU.Build.0 = Debug|Any CPU
		{A370837A-1DE4-47F6-B8D8-13E56C5E0E22}.Release|Any CPU.ActiveCfg = Release|Any CPU
		{A370837A-1DE4-47F6-B8D8-13E56C5E0E22}.Release|Any CPU.Build.0 = Release|Any CPU
		{839EBC4B-E4D4-490F-92C0-72521A0EEB7F}.Debug|Any CPU.ActiveCfg = Debug|Any CPU
		{839EBC4B-E4D4-490F-92C0-72521A0EEB7F}.Debug|Any CPU.Build.0 = Debug|Any CPU
		{839EBC4B-E4D4-490F-92C0-72521A0EEB7F}.Release|Any CPU.ActiveCfg = Release|Any CPU
		{839EBC4B-E4D4-490F-92C0-72521A0EEB7F}.Release|Any CPU.Build.0 = Release|Any CPU
		{04F1FF31-1738-4691-AFFA-6E8AB6FB1440}.Debug|Any CPU.ActiveCfg = Debug|Any CPU
		{04F1FF31-1738-4691-AFFA-6E8AB6FB1440}.Debug|Any CPU.Build.0 = Debug|Any CPU
		{04F1FF31-1738-4691-AFFA-6E8AB6FB1440}.Release|Any CPU.ActiveCfg = Release|Any CPU
		{04F1FF31-1738-4691-AFFA-6E8AB6FB1440}.Release|Any CPU.Build.0 = Release|Any CPU
		{3963A782-C0C8-4E74-9F59-28E840C39B86}.Debug|Any CPU.ActiveCfg = Debug|Any CPU
		{3963A782-C0C8-4E74-9F59-28E840C39B86}.Debug|Any CPU.Build.0 = Debug|Any CPU
		{3963A782-C0C8-4E74-9F59-28E840C39B86}.Release|Any CPU.ActiveCfg = Release|Any CPU
		{3963A782-C0C8-4E74-9F59-28E840C39B86}.Release|Any CPU.Build.0 = Release|Any CPU
		{25AD25A0-CC56-4026-A2FA-FA3FDCFDCDF7}.Debug|Any CPU.ActiveCfg = Debug|Any CPU
		{25AD25A0-CC56-4026-A2FA-FA3FDCFDCDF7}.Debug|Any CPU.Build.0 = Debug|Any CPU
		{25AD25A0-CC56-4026-A2FA-FA3FDCFDCDF7}.Release|Any CPU.ActiveCfg = Release|Any CPU
		{25AD25A0-CC56-4026-A2FA-FA3FDCFDCDF7}.Release|Any CPU.Build.0 = Release|Any CPU
		{8837F65C-EB7C-40E0-AB01-E8D607A90FCF}.Debug|Any CPU.ActiveCfg = Debug|Any CPU
		{8837F65C-EB7C-40E0-AB01-E8D607A90FCF}.Debug|Any CPU.Build.0 = Debug|Any CPU
		{8837F65C-EB7C-40E0-AB01-E8D607A90FCF}.Release|Any CPU.ActiveCfg = Release|Any CPU
		{8837F65C-EB7C-40E0-AB01-E8D607A90FCF}.Release|Any CPU.Build.0 = Release|Any CPU
		{E4C1FA78-2BEE-4D63-91F9-09BA33F68D4A}.Debug|Any CPU.ActiveCfg = Debug|Any CPU
		{E4C1FA78-2BEE-4D63-91F9-09BA33F68D4A}.Debug|Any CPU.Build.0 = Debug|Any CPU
		{E4C1FA78-2BEE-4D63-91F9-09BA33F68D4A}.Release|Any CPU.ActiveCfg = Release|Any CPU
		{E4C1FA78-2BEE-4D63-91F9-09BA33F68D4A}.Release|Any CPU.Build.0 = Release|Any CPU
	EndGlobalSection
	GlobalSection(SolutionProperties) = preSolution
		HideSolutionNode = FALSE
	EndGlobalSection
	GlobalSection(NestedProjects) = preSolution
		{8889CB33-6805-45B2-9F29-1E69FA84B5EB} = {0A4D5FDB-3146-4FE9-9D08-7A01928F7CBA}
		{78B4E412-7D0C-4A5E-AF07-F150CD6E7B94} = {8889CB33-6805-45B2-9F29-1E69FA84B5EB}
		{2565D3FA-0C64-4ABD-9D5F-9FE4D6D0AE23} = {0A4D5FDB-3146-4FE9-9D08-7A01928F7CBA}
		{C1BA76B6-8E52-4328-B510-C5BDA0F1A85F} = {2565D3FA-0C64-4ABD-9D5F-9FE4D6D0AE23}
		{6243B2EA-A9D4-45BB-AA7C-678A699F8DBB} = {0A4D5FDB-3146-4FE9-9D08-7A01928F7CBA}
		{333A4219-C21B-435D-B430-126DB97001B2} = {6243B2EA-A9D4-45BB-AA7C-678A699F8DBB}
		{213A8024-6F60-48B2-A03C-9A3130C86D58} = {78B4E412-7D0C-4A5E-AF07-F150CD6E7B94}
		{6D7C5EDE-F06A-4A16-97FC-CD7447233209} = {8889CB33-6805-45B2-9F29-1E69FA84B5EB}
		{CBDCBDA6-4824-40B9-B68E-FFCC61F61020} = {83DC62A1-40D0-48F8-8FD3-9E70AFA95FBC}
		{102E9E58-0DCE-48DB-A240-5B5A75D7FD49} = {CBDCBDA6-4824-40B9-B68E-FFCC61F61020}
		{559B84D9-986C-4B37-B81C-5B71AE386106} = {CBDCBDA6-4824-40B9-B68E-FFCC61F61020}
		{3EA0C3EE-5BCD-4A13-B6ED-22817AB80C0C} = {559B84D9-986C-4B37-B81C-5B71AE386106}
		{12B71206-9C38-4938-872C-DA68B2DCDFAC} = {8889CB33-6805-45B2-9F29-1E69FA84B5EB}
		{B7494E7B-BAA4-4094-A154-D4E8D3BB53C1} = {8889CB33-6805-45B2-9F29-1E69FA84B5EB}
		{8FADE225-77EB-4BAA-86B1-80DCBF8243BE} = {78B4E412-7D0C-4A5E-AF07-F150CD6E7B94}
		{BD5B8746-689B-4545-AF30-D6955735E84D} = {83DC62A1-40D0-48F8-8FD3-9E70AFA95FBC}
		{19C6927A-EAB6-422B-8AC2-06CAB0CBF44B} = {BD5B8746-689B-4545-AF30-D6955735E84D}
		{E5A30043-0A94-4405-9E25-8CD9324B4657} = {83DC62A1-40D0-48F8-8FD3-9E70AFA95FBC}
		{21A729A0-504C-4CF8-B468-45C9C7C20C57} = {E5A30043-0A94-4405-9E25-8CD9324B4657}
		{A370837A-1DE4-47F6-B8D8-13E56C5E0E22} = {2565D3FA-0C64-4ABD-9D5F-9FE4D6D0AE23}
		{839EBC4B-E4D4-490F-92C0-72521A0EEB7F} = {2565D3FA-0C64-4ABD-9D5F-9FE4D6D0AE23}
		{04F1FF31-1738-4691-AFFA-6E8AB6FB1440} = {2565D3FA-0C64-4ABD-9D5F-9FE4D6D0AE23}
		{3963A782-C0C8-4E74-9F59-28E840C39B86} = {C1BA76B6-8E52-4328-B510-C5BDA0F1A85F}
		{25AD25A0-CC56-4026-A2FA-FA3FDCFDCDF7} = {C1BA76B6-8E52-4328-B510-C5BDA0F1A85F}
		{8837F65C-EB7C-40E0-AB01-E8D607A90FCF} = {6243B2EA-A9D4-45BB-AA7C-678A699F8DBB}
		{E4C1FA78-2BEE-4D63-91F9-09BA33F68D4A} = {333A4219-C21B-435D-B430-126DB97001B2}
	EndGlobalSection
	GlobalSection(ExtensibilityGlobals) = postSolution
		SolutionGuid = {521822C7-D131-4293-8A24-D1EBC3EEF397}
	EndGlobalSection
EndGlobal
